// !$*UTF8*$!
{
	archiveVersion = 1;
	classes = {
	};
	objectVersion = 46;
	objects = {

/* Begin PBXBuildFile section */
		04200B631552962D002CF16D /* NSString+JKSAdditions.m in Sources */ = {isa = PBXBuildFile; fileRef = 04200B601552962D002CF16D /* NSString+JKSAdditions.m */; };
		04200B6715529674002CF16D /* JKSNSStringAdditionsTests.m in Sources */ = {isa = PBXBuildFile; fileRef = 04200B6615529674002CF16D /* JKSNSStringAdditionsTests.m */; };
		04200B6C1552C2CA002CF16D /* NSError+JKSAdditions.m in Sources */ = {isa = PBXBuildFile; fileRef = 04200B691552C2CA002CF16D /* NSError+JKSAdditions.m */; };
		04200B73155320D8002CF16D /* NSDictionary+JKSAdditions.m in Sources */ = {isa = PBXBuildFile; fileRef = 04200B70155320D8002CF16D /* NSDictionary+JKSAdditions.m */; };
		04200B76155321B8002CF16D /* JKSNSDictionaryAdditionsTests.m in Sources */ = {isa = PBXBuildFile; fileRef = 04200B75155321B8002CF16D /* JKSNSDictionaryAdditionsTests.m */; };
		04200BD6155407F6002CF16D /* JKSQueue.m in Sources */ = {isa = PBXBuildFile; fileRef = 04200BD3155407F6002CF16D /* JKSQueue.m */; };
		04200BD915540A6B002CF16D /* JKSQueueTests.m in Sources */ = {isa = PBXBuildFile; fileRef = 04200BD815540A6B002CF16D /* JKSQueueTests.m */; };
		042CDF55156C34C300B6E537 /* JKSMacros.h in Headers */ = {isa = PBXBuildFile; fileRef = 04200B77155323A4002CF16D /* JKSMacros.h */; settings = {ATTRIBUTES = (Public, ); }; };
		042CDF57156C34C900B6E537 /* JKSPathUtilities.h in Headers */ = {isa = PBXBuildFile; fileRef = 04FA9BC7154F3B9600518173 /* JKSPathUtilities.h */; settings = {ATTRIBUTES = (Public, ); }; };
		042CDF58156C34CF00B6E537 /* JKSPathUtilities.m in Sources */ = {isa = PBXBuildFile; fileRef = 04FA9BC8154F3B9600518173 /* JKSPathUtilities.m */; };
		042CDF59156C34D500B6E537 /* JKSQueue.m in Sources */ = {isa = PBXBuildFile; fileRef = 04200BD3155407F6002CF16D /* JKSQueue.m */; };
		042CDF5A156C34D800B6E537 /* JKSQueue.h in Headers */ = {isa = PBXBuildFile; fileRef = 04200BD2155407F6002CF16D /* JKSQueue.h */; settings = {ATTRIBUTES = (Public, ); }; };
		042CDF5B156C34DE00B6E537 /* NSArray+JKSToolkit.h in Headers */ = {isa = PBXBuildFile; fileRef = 04FA9BCF154F3E0400518173 /* NSArray+JKSToolkit.h */; settings = {ATTRIBUTES = (Public, ); }; };
		042CDF5C156C34E200B6E537 /* NSArray+JKSToolkit.m in Sources */ = {isa = PBXBuildFile; fileRef = 04FA9BD0154F3E0400518173 /* NSArray+JKSToolkit.m */; };
		042CDF5D156C34E500B6E537 /* NSString+JKSAdditions.h in Headers */ = {isa = PBXBuildFile; fileRef = 04200B5F1552962D002CF16D /* NSString+JKSAdditions.h */; settings = {ATTRIBUTES = (Public, ); }; };
		042CDF5E156C34E900B6E537 /* NSString+JKSAdditions.m in Sources */ = {isa = PBXBuildFile; fileRef = 04200B601552962D002CF16D /* NSString+JKSAdditions.m */; };
		042CDF5F156C34ED00B6E537 /* NSError+JKSAdditions.h in Headers */ = {isa = PBXBuildFile; fileRef = 04200B681552C2CA002CF16D /* NSError+JKSAdditions.h */; settings = {ATTRIBUTES = (Public, ); }; };
		042CDF60156C34F000B6E537 /* NSError+JKSAdditions.m in Sources */ = {isa = PBXBuildFile; fileRef = 04200B691552C2CA002CF16D /* NSError+JKSAdditions.m */; };
		042CDF61156C34F300B6E537 /* NSDictionary+JKSAdditions.h in Headers */ = {isa = PBXBuildFile; fileRef = 04200B6F155320D8002CF16D /* NSDictionary+JKSAdditions.h */; settings = {ATTRIBUTES = (Public, ); }; };
		042CDF62156C34F700B6E537 /* NSDictionary+JKSAdditions.m in Sources */ = {isa = PBXBuildFile; fileRef = 04200B70155320D8002CF16D /* NSDictionary+JKSAdditions.m */; };
		043884B01562984100316949 /* Cocoa.framework in Frameworks */ = {isa = PBXBuildFile; fileRef = 04FA9B98154F3B2B00518173 /* Cocoa.framework */; };
		043884B61562984100316949 /* InfoPlist.strings in Resources */ = {isa = PBXBuildFile; fileRef = 043884B41562984100316949 /* InfoPlist.strings */; };
		043884BA1562984100316949 /* JKSToolKit.m in Sources */ = {isa = PBXBuildFile; fileRef = 043884B91562984100316949 /* JKSToolKit.m */; };
		046B00FE156E727E008743D4 /* NSView+JKSAdditions.h in Headers */ = {isa = PBXBuildFile; fileRef = 046B00FC156E727E008743D4 /* NSView+JKSAdditions.h */; settings = {ATTRIBUTES = (Public, ); }; };
		046B00FF156E727E008743D4 /* NSView+JKSAdditions.m in Sources */ = {isa = PBXBuildFile; fileRef = 046B00FD156E727E008743D4 /* NSView+JKSAdditions.m */; };
		046B0103156E7B37008743D4 /* JKSFlippedView.h in Headers */ = {isa = PBXBuildFile; fileRef = 046B0101156E7B37008743D4 /* JKSFlippedView.h */; settings = {ATTRIBUTES = (Public, ); }; };
		046B0104156E7B37008743D4 /* JKSFlippedView.m in Sources */ = {isa = PBXBuildFile; fileRef = 046B0102156E7B37008743D4 /* JKSFlippedView.m */; };
		04F315F41589DB090093739C /* JKSBlockUtilities.h in Headers */ = {isa = PBXBuildFile; fileRef = 04F315F21589DB090093739C /* JKSBlockUtilities.h */; settings = {ATTRIBUTES = (Public, ); }; };
		04F315F51589DB090093739C /* JKSBlockUtilities.m in Sources */ = {isa = PBXBuildFile; fileRef = 04F315F31589DB090093739C /* JKSBlockUtilities.m */; };
		04FA9BAF154F3B2B00518173 /* SenTestingKit.framework in Frameworks */ = {isa = PBXBuildFile; fileRef = 04FA9BAE154F3B2B00518173 /* SenTestingKit.framework */; };
		04FA9BB0154F3B2B00518173 /* Cocoa.framework in Frameworks */ = {isa = PBXBuildFile; fileRef = 04FA9B98154F3B2B00518173 /* Cocoa.framework */; };
		04FA9BB9154F3B2B00518173 /* InfoPlist.strings in Resources */ = {isa = PBXBuildFile; fileRef = 04FA9BB7154F3B2B00518173 /* InfoPlist.strings */; };
		04FA9BCB154F3B9600518173 /* JKSPathUtilities.m in Sources */ = {isa = PBXBuildFile; fileRef = 04FA9BC8154F3B9600518173 /* JKSPathUtilities.m */; };
		04FA9BCE154F3BF400518173 /* JKSPathUtilitiesTest.m in Sources */ = {isa = PBXBuildFile; fileRef = 04FA9BCD154F3BF400518173 /* JKSPathUtilitiesTest.m */; };
		04FA9BD3154F3E0400518173 /* NSArray+JKSToolkit.m in Sources */ = {isa = PBXBuildFile; fileRef = 04FA9BD0154F3E0400518173 /* NSArray+JKSToolkit.m */; };
		04FA9BD6154F3E2000518173 /* NSArrayJKSToolkitTests.m in Sources */ = {isa = PBXBuildFile; fileRef = 04FA9BD5154F3E2000518173 /* NSArrayJKSToolkitTests.m */; };
/* End PBXBuildFile section */

/* Begin PBXFileReference section */
		04200B5F1552962D002CF16D /* NSString+JKSAdditions.h */ = {isa = PBXFileReference; fileEncoding = 4; lastKnownFileType = sourcecode.c.h; name = "NSString+JKSAdditions.h"; path = "Categories/NSString+JKSAdditions.h"; sourceTree = "<group>"; };
		04200B601552962D002CF16D /* NSString+JKSAdditions.m */ = {isa = PBXFileReference; fileEncoding = 4; lastKnownFileType = sourcecode.c.objc; name = "NSString+JKSAdditions.m"; path = "Categories/NSString+JKSAdditions.m"; sourceTree = "<group>"; };
		04200B6615529674002CF16D /* JKSNSStringAdditionsTests.m */ = {isa = PBXFileReference; fileEncoding = 4; lastKnownFileType = sourcecode.c.objc; path = JKSNSStringAdditionsTests.m; sourceTree = "<group>"; };
		04200B681552C2CA002CF16D /* NSError+JKSAdditions.h */ = {isa = PBXFileReference; fileEncoding = 4; lastKnownFileType = sourcecode.c.h; name = "NSError+JKSAdditions.h"; path = "Categories/NSError+JKSAdditions.h"; sourceTree = "<group>"; };
		04200B691552C2CA002CF16D /* NSError+JKSAdditions.m */ = {isa = PBXFileReference; fileEncoding = 4; lastKnownFileType = sourcecode.c.objc; name = "NSError+JKSAdditions.m"; path = "Categories/NSError+JKSAdditions.m"; sourceTree = "<group>"; };
		04200B6D1552CA0A002CF16D /* Security.framework */ = {isa = PBXFileReference; lastKnownFileType = wrapper.framework; name = Security.framework; path = System/Library/Frameworks/Security.framework; sourceTree = SDKROOT; };
		04200B6F155320D8002CF16D /* NSDictionary+JKSAdditions.h */ = {isa = PBXFileReference; fileEncoding = 4; lastKnownFileType = sourcecode.c.h; name = "NSDictionary+JKSAdditions.h"; path = "Categories/NSDictionary+JKSAdditions.h"; sourceTree = "<group>"; };
		04200B70155320D8002CF16D /* NSDictionary+JKSAdditions.m */ = {isa = PBXFileReference; fileEncoding = 4; lastKnownFileType = sourcecode.c.objc; name = "NSDictionary+JKSAdditions.m"; path = "Categories/NSDictionary+JKSAdditions.m"; sourceTree = "<group>"; };
		04200B75155321B8002CF16D /* JKSNSDictionaryAdditionsTests.m */ = {isa = PBXFileReference; fileEncoding = 4; lastKnownFileType = sourcecode.c.objc; path = JKSNSDictionaryAdditionsTests.m; sourceTree = "<group>"; };
		04200B77155323A4002CF16D /* JKSMacros.h */ = {isa = PBXFileReference; fileEncoding = 4; lastKnownFileType = sourcecode.c.h; name = JKSMacros.h; path = Macros/JKSMacros.h; sourceTree = "<group>"; };
		04200BD2155407F6002CF16D /* JKSQueue.h */ = {isa = PBXFileReference; fileEncoding = 4; lastKnownFileType = sourcecode.c.h; name = JKSQueue.h; path = Classes/JKSQueue.h; sourceTree = "<group>"; };
		04200BD3155407F6002CF16D /* JKSQueue.m */ = {isa = PBXFileReference; fileEncoding = 4; lastKnownFileType = sourcecode.c.objc; name = JKSQueue.m; path = Classes/JKSQueue.m; sourceTree = "<group>"; };
		04200BD815540A6B002CF16D /* JKSQueueTests.m */ = {isa = PBXFileReference; fileEncoding = 4; lastKnownFileType = sourcecode.c.objc; path = JKSQueueTests.m; sourceTree = "<group>"; };
		04200BDA15541F10002CF16D /* README.markdown */ = {isa = PBXFileReference; lastKnownFileType = text; path = README.markdown; sourceTree = "<group>"; };
		043884AF1562984100316949 /* JKSToolKit.framework */ = {isa = PBXFileReference; explicitFileType = wrapper.framework; includeInIndex = 0; path = JKSToolKit.framework; sourceTree = BUILT_PRODUCTS_DIR; };
		043884B31562984100316949 /* JKSToolKit-Info.plist */ = {isa = PBXFileReference; lastKnownFileType = text.plist.xml; path = "JKSToolKit-Info.plist"; sourceTree = "<group>"; };
		043884B51562984100316949 /* en */ = {isa = PBXFileReference; lastKnownFileType = text.plist.strings; name = en; path = en.lproj/InfoPlist.strings; sourceTree = "<group>"; };
		043884B71562984100316949 /* JKSToolKit-Prefix.pch */ = {isa = PBXFileReference; lastKnownFileType = sourcecode.c.h; path = "JKSToolKit-Prefix.pch"; sourceTree = "<group>"; };
		043884B81562984100316949 /* JKSToolKit.h */ = {isa = PBXFileReference; lastKnownFileType = sourcecode.c.h; path = JKSToolKit.h; sourceTree = "<group>"; };
		043884B91562984100316949 /* JKSToolKit.m */ = {isa = PBXFileReference; lastKnownFileType = sourcecode.c.objc; path = JKSToolKit.m; sourceTree = "<group>"; };
		043884C81562984100316949 /* JKSToolKitTests-Info.plist */ = {isa = PBXFileReference; lastKnownFileType = text.plist.xml; path = "JKSToolKitTests-Info.plist"; sourceTree = "<group>"; };
		043884CA1562984100316949 /* en */ = {isa = PBXFileReference; lastKnownFileType = text.plist.strings; name = en; path = en.lproj/InfoPlist.strings; sourceTree = "<group>"; };
		043884CC1562984100316949 /* JKSToolKitTests.h */ = {isa = PBXFileReference; lastKnownFileType = sourcecode.c.h; path = JKSToolKitTests.h; sourceTree = "<group>"; };
		043884CD1562984100316949 /* JKSToolKitTests.m */ = {isa = PBXFileReference; lastKnownFileType = sourcecode.c.objc; path = JKSToolKitTests.m; sourceTree = "<group>"; };
		046B00FC156E727E008743D4 /* NSView+JKSAdditions.h */ = {isa = PBXFileReference; fileEncoding = 4; lastKnownFileType = sourcecode.c.h; name = "NSView+JKSAdditions.h"; path = "Categories/NSView+JKSAdditions.h"; sourceTree = "<group>"; };
		046B00FD156E727E008743D4 /* NSView+JKSAdditions.m */ = {isa = PBXFileReference; fileEncoding = 4; lastKnownFileType = sourcecode.c.objc; name = "NSView+JKSAdditions.m"; path = "Categories/NSView+JKSAdditions.m"; sourceTree = "<group>"; };
		046B0101156E7B37008743D4 /* JKSFlippedView.h */ = {isa = PBXFileReference; fileEncoding = 4; lastKnownFileType = sourcecode.c.h; name = JKSFlippedView.h; path = Classes/JKSFlippedView.h; sourceTree = "<group>"; };
		046B0102156E7B37008743D4 /* JKSFlippedView.m */ = {isa = PBXFileReference; fileEncoding = 4; lastKnownFileType = sourcecode.c.objc; name = JKSFlippedView.m; path = Classes/JKSFlippedView.m; sourceTree = "<group>"; };
		04F315F21589DB090093739C /* JKSBlockUtilities.h */ = {isa = PBXFileReference; fileEncoding = 4; lastKnownFileType = sourcecode.c.h; name = JKSBlockUtilities.h; path = Functions/JKSBlockUtilities.h; sourceTree = "<group>"; };
		04F315F31589DB090093739C /* JKSBlockUtilities.m */ = {isa = PBXFileReference; fileEncoding = 4; lastKnownFileType = sourcecode.c.objc; name = JKSBlockUtilities.m; path = Functions/JKSBlockUtilities.m; sourceTree = "<group>"; };
		04FA9B98154F3B2B00518173 /* Cocoa.framework */ = {isa = PBXFileReference; lastKnownFileType = wrapper.framework; name = Cocoa.framework; path = System/Library/Frameworks/Cocoa.framework; sourceTree = SDKROOT; };
		04FA9B9B154F3B2B00518173 /* AppKit.framework */ = {isa = PBXFileReference; lastKnownFileType = wrapper.framework; name = AppKit.framework; path = System/Library/Frameworks/AppKit.framework; sourceTree = SDKROOT; };
		04FA9B9C154F3B2B00518173 /* CoreData.framework */ = {isa = PBXFileReference; lastKnownFileType = wrapper.framework; name = CoreData.framework; path = System/Library/Frameworks/CoreData.framework; sourceTree = SDKROOT; };
		04FA9B9D154F3B2B00518173 /* Foundation.framework */ = {isa = PBXFileReference; lastKnownFileType = wrapper.framework; name = Foundation.framework; path = System/Library/Frameworks/Foundation.framework; sourceTree = SDKROOT; };
		04FA9BA0154F3B2B00518173 /* JKSToolkit-Info.plist */ = {isa = PBXFileReference; lastKnownFileType = text.plist.xml; path = "JKSToolkit-Info.plist"; sourceTree = "<group>"; };
		04FA9BA2154F3B2B00518173 /* en */ = {isa = PBXFileReference; lastKnownFileType = text.plist.strings; name = en; path = en.lproj/InfoPlist.strings; sourceTree = "<group>"; };
		04FA9BA4154F3B2B00518173 /* JKSToolkit-Prefix.pch */ = {isa = PBXFileReference; lastKnownFileType = sourcecode.c.h; path = "JKSToolkit-Prefix.pch"; sourceTree = "<group>"; };
		04FA9BA5154F3B2B00518173 /* JKSToolkit.h */ = {isa = PBXFileReference; lastKnownFileType = sourcecode.c.h; path = JKSToolkit.h; sourceTree = "<group>"; };
		04FA9BA6154F3B2B00518173 /* JKSToolkit.m */ = {isa = PBXFileReference; lastKnownFileType = sourcecode.c.objc; path = JKSToolkit.m; sourceTree = "<group>"; };
		04FA9BAD154F3B2B00518173 /* JKSToolkitTests.octest */ = {isa = PBXFileReference; explicitFileType = wrapper.cfbundle; includeInIndex = 0; path = JKSToolkitTests.octest; sourceTree = BUILT_PRODUCTS_DIR; };
		04FA9BAE154F3B2B00518173 /* SenTestingKit.framework */ = {isa = PBXFileReference; lastKnownFileType = wrapper.framework; name = SenTestingKit.framework; path = Library/Frameworks/SenTestingKit.framework; sourceTree = DEVELOPER_DIR; };
		04FA9BB6154F3B2B00518173 /* JKSToolkitTests-Info.plist */ = {isa = PBXFileReference; lastKnownFileType = text.plist.xml; path = "JKSToolkitTests-Info.plist"; sourceTree = "<group>"; };
		04FA9BB8154F3B2B00518173 /* en */ = {isa = PBXFileReference; lastKnownFileType = text.plist.strings; name = en; path = en.lproj/InfoPlist.strings; sourceTree = "<group>"; };
		04FA9BC7154F3B9600518173 /* JKSPathUtilities.h */ = {isa = PBXFileReference; fileEncoding = 4; lastKnownFileType = sourcecode.c.h; name = JKSPathUtilities.h; path = Classes/JKSPathUtilities.h; sourceTree = "<group>"; };
		04FA9BC8154F3B9600518173 /* JKSPathUtilities.m */ = {isa = PBXFileReference; fileEncoding = 4; lastKnownFileType = sourcecode.c.objc; name = JKSPathUtilities.m; path = Classes/JKSPathUtilities.m; sourceTree = "<group>"; };
		04FA9BCD154F3BF400518173 /* JKSPathUtilitiesTest.m */ = {isa = PBXFileReference; fileEncoding = 4; lastKnownFileType = sourcecode.c.objc; path = JKSPathUtilitiesTest.m; sourceTree = "<group>"; };
		04FA9BCF154F3E0400518173 /* NSArray+JKSToolkit.h */ = {isa = PBXFileReference; fileEncoding = 4; lastKnownFileType = sourcecode.c.h; name = "NSArray+JKSToolkit.h"; path = "Categories/NSArray+JKSToolkit.h"; sourceTree = "<group>"; };
		04FA9BD0154F3E0400518173 /* NSArray+JKSToolkit.m */ = {isa = PBXFileReference; fileEncoding = 4; lastKnownFileType = sourcecode.c.objc; name = "NSArray+JKSToolkit.m"; path = "Categories/NSArray+JKSToolkit.m"; sourceTree = "<group>"; };
		04FA9BD5154F3E2000518173 /* NSArrayJKSToolkitTests.m */ = {isa = PBXFileReference; fileEncoding = 4; lastKnownFileType = sourcecode.c.objc; path = NSArrayJKSToolkitTests.m; sourceTree = "<group>"; };
/* End PBXFileReference section */

/* Begin PBXFrameworksBuildPhase section */
		043884AB1562984100316949 /* Frameworks */ = {
			isa = PBXFrameworksBuildPhase;
			buildActionMask = 2147483647;
			files = (
				043884B01562984100316949 /* Cocoa.framework in Frameworks */,
			);
			runOnlyForDeploymentPostprocessing = 0;
		};
		04FA9BA9154F3B2B00518173 /* Frameworks */ = {
			isa = PBXFrameworksBuildPhase;
			buildActionMask = 2147483647;
			files = (
				04FA9BAF154F3B2B00518173 /* SenTestingKit.framework in Frameworks */,
				04FA9BB0154F3B2B00518173 /* Cocoa.framework in Frameworks */,
			);
			runOnlyForDeploymentPostprocessing = 0;
		};
/* End PBXFrameworksBuildPhase section */

/* Begin PBXGroup section */
		04200B79155323AA002CF16D /* Macros */ = {
			isa = PBXGroup;
			children = (
				04200B77155323A4002CF16D /* JKSMacros.h */,
			);
			name = Macros;
			sourceTree = "<group>";
		};
		043884B11562984100316949 /* JKSToolKit */ = {
			isa = PBXGroup;
			children = (
				043884B81562984100316949 /* JKSToolKit.h */,
				043884B91562984100316949 /* JKSToolKit.m */,
				043884B21562984100316949 /* Supporting Files */,
			);
			path = JKSToolKit;
			sourceTree = "<group>";
		};
		043884B21562984100316949 /* Supporting Files */ = {
			isa = PBXGroup;
			children = (
				043884B31562984100316949 /* JKSToolKit-Info.plist */,
				043884B41562984100316949 /* InfoPlist.strings */,
				043884B71562984100316949 /* JKSToolKit-Prefix.pch */,
			);
			name = "Supporting Files";
			sourceTree = "<group>";
		};
		043884C61562984100316949 /* JKSToolKitTests */ = {
			isa = PBXGroup;
			children = (
				043884CC1562984100316949 /* JKSToolKitTests.h */,
				043884CD1562984100316949 /* JKSToolKitTests.m */,
				043884C71562984100316949 /* Supporting Files */,
			);
			path = JKSToolKitTests;
			sourceTree = "<group>";
		};
		043884C71562984100316949 /* Supporting Files */ = {
			isa = PBXGroup;
			children = (
				043884C81562984100316949 /* JKSToolKitTests-Info.plist */,
				043884C91562984100316949 /* InfoPlist.strings */,
			);
			name = "Supporting Files";
			sourceTree = "<group>";
		};
		04F315F01589DACB0093739C /* Functions */ = {
			isa = PBXGroup;
			children = (
				04F315F21589DB090093739C /* JKSBlockUtilities.h */,
				04F315F31589DB090093739C /* JKSBlockUtilities.m */,
			);
			name = Functions;
			sourceTree = "<group>";
		};
		04FA9B89154F3B2B00518173 = {
			isa = PBXGroup;
			children = (
				04FA9B9E154F3B2B00518173 /* JKSToolkit */,
				04200BDA15541F10002CF16D /* README.markdown */,
				04FA9BB4154F3B2B00518173 /* JKSToolkitTests */,
				043884B11562984100316949 /* JKSToolKit */,
				043884C61562984100316949 /* JKSToolKitTests */,
				04FA9B97154F3B2B00518173 /* Frameworks */,
				04FA9B96154F3B2B00518173 /* Products */,
			);
			sourceTree = "<group>";
		};
		04FA9B96154F3B2B00518173 /* Products */ = {
			isa = PBXGroup;
			children = (
				04FA9BAD154F3B2B00518173 /* JKSToolkitTests.octest */,
				043884AF1562984100316949 /* JKSToolKit.framework */,
			);
			name = Products;
			sourceTree = "<group>";
		};
		04FA9B97154F3B2B00518173 /* Frameworks */ = {
			isa = PBXGroup;
			children = (
				04200B6D1552CA0A002CF16D /* Security.framework */,
				04FA9B98154F3B2B00518173 /* Cocoa.framework */,
				04FA9BAE154F3B2B00518173 /* SenTestingKit.framework */,
				04FA9B9A154F3B2B00518173 /* Other Frameworks */,
			);
			name = Frameworks;
			sourceTree = "<group>";
		};
		04FA9B9A154F3B2B00518173 /* Other Frameworks */ = {
			isa = PBXGroup;
			children = (
				04FA9B9B154F3B2B00518173 /* AppKit.framework */,
				04FA9B9C154F3B2B00518173 /* CoreData.framework */,
				04FA9B9D154F3B2B00518173 /* Foundation.framework */,
			);
			name = "Other Frameworks";
			sourceTree = "<group>";
		};
		04FA9B9E154F3B2B00518173 /* JKSToolkit */ = {
			isa = PBXGroup;
			children = (
				04F315F01589DACB0093739C /* Functions */,
				04200B79155323AA002CF16D /* Macros */,
				04FA9BC6154F3B7800518173 /* Classes */,
				04FA9BC5154F3B5700518173 /* Categories */,
				04FA9BA5154F3B2B00518173 /* JKSToolkit.h */,
				04FA9BA6154F3B2B00518173 /* JKSToolkit.m */,
				04FA9B9F154F3B2B00518173 /* Supporting Files */,
			);
			path = JKSToolkit;
			sourceTree = "<group>";
		};
		04FA9B9F154F3B2B00518173 /* Supporting Files */ = {
			isa = PBXGroup;
			children = (
				04FA9BA0154F3B2B00518173 /* JKSToolkit-Info.plist */,
				04FA9BA1154F3B2B00518173 /* InfoPlist.strings */,
				04FA9BA4154F3B2B00518173 /* JKSToolkit-Prefix.pch */,
			);
			name = "Supporting Files";
			sourceTree = "<group>";
		};
		04FA9BB4154F3B2B00518173 /* JKSToolkitTests */ = {
			isa = PBXGroup;
			children = (
				04FA9BB5154F3B2B00518173 /* Supporting Files */,
				04FA9BCD154F3BF400518173 /* JKSPathUtilitiesTest.m */,
				04FA9BD5154F3E2000518173 /* NSArrayJKSToolkitTests.m */,
				04200B6615529674002CF16D /* JKSNSStringAdditionsTests.m */,
				04200B75155321B8002CF16D /* JKSNSDictionaryAdditionsTests.m */,
				04200BD815540A6B002CF16D /* JKSQueueTests.m */,
			);
			path = JKSToolkitTests;
			sourceTree = "<group>";
		};
		04FA9BB5154F3B2B00518173 /* Supporting Files */ = {
			isa = PBXGroup;
			children = (
				04FA9BB6154F3B2B00518173 /* JKSToolkitTests-Info.plist */,
				04FA9BB7154F3B2B00518173 /* InfoPlist.strings */,
			);
			name = "Supporting Files";
			sourceTree = "<group>";
		};
		04FA9BC5154F3B5700518173 /* Categories */ = {
			isa = PBXGroup;
			children = (
				04FA9BCF154F3E0400518173 /* NSArray+JKSToolkit.h */,
				04FA9BD0154F3E0400518173 /* NSArray+JKSToolkit.m */,
				04200B5F1552962D002CF16D /* NSString+JKSAdditions.h */,
				04200B601552962D002CF16D /* NSString+JKSAdditions.m */,
				04200B681552C2CA002CF16D /* NSError+JKSAdditions.h */,
				04200B691552C2CA002CF16D /* NSError+JKSAdditions.m */,
				04200B6F155320D8002CF16D /* NSDictionary+JKSAdditions.h */,
				04200B70155320D8002CF16D /* NSDictionary+JKSAdditions.m */,
				046B00FC156E727E008743D4 /* NSView+JKSAdditions.h */,
				046B00FD156E727E008743D4 /* NSView+JKSAdditions.m */,
			);
			name = Categories;
			sourceTree = "<group>";
		};
		04FA9BC6154F3B7800518173 /* Classes */ = {
			isa = PBXGroup;
			children = (
				046B0101156E7B37008743D4 /* JKSFlippedView.h */,
				046B0102156E7B37008743D4 /* JKSFlippedView.m */,
				04FA9BC7154F3B9600518173 /* JKSPathUtilities.h */,
				04FA9BC8154F3B9600518173 /* JKSPathUtilities.m */,
				04200BD2155407F6002CF16D /* JKSQueue.h */,
				04200BD3155407F6002CF16D /* JKSQueue.m */,
			);
			name = Classes;
			sourceTree = "<group>";
		};
/* End PBXGroup section */

/* Begin PBXHeadersBuildPhase section */
		043884AC1562984100316949 /* Headers */ = {
			isa = PBXHeadersBuildPhase;
			buildActionMask = 2147483647;
			files = (
				042CDF55156C34C300B6E537 /* JKSMacros.h in Headers */,
				042CDF57156C34C900B6E537 /* JKSPathUtilities.h in Headers */,
				042CDF5A156C34D800B6E537 /* JKSQueue.h in Headers */,
				042CDF5B156C34DE00B6E537 /* NSArray+JKSToolkit.h in Headers */,
				042CDF5D156C34E500B6E537 /* NSString+JKSAdditions.h in Headers */,
				042CDF5F156C34ED00B6E537 /* NSError+JKSAdditions.h in Headers */,
				042CDF61156C34F300B6E537 /* NSDictionary+JKSAdditions.h in Headers */,
				046B0103156E7B37008743D4 /* JKSFlippedView.h in Headers */,
				046B00FE156E727E008743D4 /* NSView+JKSAdditions.h in Headers */,
				04F315F41589DB090093739C /* JKSBlockUtilities.h in Headers */,
			);
			runOnlyForDeploymentPostprocessing = 0;
		};
/* End PBXHeadersBuildPhase section */

/* Begin PBXNativeTarget section */
		043884AE1562984100316949 /* JKSToolKit */ = {
			isa = PBXNativeTarget;
			buildConfigurationList = 043884D31562984100316949 /* Build configuration list for PBXNativeTarget "JKSToolKit" */;
			buildPhases = (
				043884AA1562984100316949 /* Sources */,
				043884AB1562984100316949 /* Frameworks */,
				043884AC1562984100316949 /* Headers */,
				043884AD1562984100316949 /* Resources */,
			);
			buildRules = (
			);
			dependencies = (
			);
			name = JKSToolKit;
			productName = JKSToolKit;
			productReference = 043884AF1562984100316949 /* JKSToolKit.framework */;
			productType = "com.apple.product-type.framework";
		};
		04FA9BAC154F3B2B00518173 /* JKSToolkitTests */ = {
			isa = PBXNativeTarget;
			buildConfigurationList = 04FA9BC2154F3B2B00518173 /* Build configuration list for PBXNativeTarget "JKSToolkitTests" */;
			buildPhases = (
				04FA9BA8154F3B2B00518173 /* Sources */,
				04FA9BA9154F3B2B00518173 /* Frameworks */,
				04FA9BAA154F3B2B00518173 /* Resources */,
				04FA9BAB154F3B2B00518173 /* ShellScript */,
			);
			buildRules = (
			);
			dependencies = (
			);
			name = JKSToolkitTests;
			productName = JKSToolkitTests;
			productReference = 04FA9BAD154F3B2B00518173 /* JKSToolkitTests.octest */;
			productType = "com.apple.product-type.bundle";
		};
/* End PBXNativeTarget section */

/* Begin PBXProject section */
		04FA9B8B154F3B2B00518173 /* Project object */ = {
			isa = PBXProject;
			attributes = {
				LastUpgradeCheck = 0430;
				ORGANIZATIONNAME = "Johan Sørensen";
			};
			buildConfigurationList = 04FA9B8E154F3B2B00518173 /* Build configuration list for PBXProject "JKSToolkit" */;
			compatibilityVersion = "Xcode 3.2";
			developmentRegion = English;
			hasScannedForEncodings = 0;
			knownRegions = (
				en,
			);
			mainGroup = 04FA9B89154F3B2B00518173;
			productRefGroup = 04FA9B96154F3B2B00518173 /* Products */;
			projectDirPath = "";
			projectRoot = "";
			targets = (
				043884AE1562984100316949 /* JKSToolKit */,
				04FA9BAC154F3B2B00518173 /* JKSToolkitTests */,
			);
		};
/* End PBXProject section */

/* Begin PBXResourcesBuildPhase section */
		043884AD1562984100316949 /* Resources */ = {
			isa = PBXResourcesBuildPhase;
			buildActionMask = 2147483647;
			files = (
				043884B61562984100316949 /* InfoPlist.strings in Resources */,
			);
			runOnlyForDeploymentPostprocessing = 0;
		};
		04FA9BAA154F3B2B00518173 /* Resources */ = {
			isa = PBXResourcesBuildPhase;
			buildActionMask = 2147483647;
			files = (
				04FA9BB9154F3B2B00518173 /* InfoPlist.strings in Resources */,
			);
			runOnlyForDeploymentPostprocessing = 0;
		};
/* End PBXResourcesBuildPhase section */

/* Begin PBXShellScriptBuildPhase section */
		04FA9BAB154F3B2B00518173 /* ShellScript */ = {
			isa = PBXShellScriptBuildPhase;
			buildActionMask = 2147483647;
			files = (
			);
			inputPaths = (
			);
			outputPaths = (
			);
			runOnlyForDeploymentPostprocessing = 0;
			shellPath = /bin/sh;
			shellScript = "# Run the unit tests in this test bundle.\n\"${SYSTEM_DEVELOPER_DIR}/Tools/RunUnitTests\"\n";
		};
/* End PBXShellScriptBuildPhase section */

/* Begin PBXSourcesBuildPhase section */
		043884AA1562984100316949 /* Sources */ = {
			isa = PBXSourcesBuildPhase;
			buildActionMask = 2147483647;
			files = (
				043884BA1562984100316949 /* JKSToolKit.m in Sources */,
				042CDF58156C34CF00B6E537 /* JKSPathUtilities.m in Sources */,
				042CDF59156C34D500B6E537 /* JKSQueue.m in Sources */,
				042CDF5C156C34E200B6E537 /* NSArray+JKSToolkit.m in Sources */,
				042CDF5E156C34E900B6E537 /* NSString+JKSAdditions.m in Sources */,
				042CDF60156C34F000B6E537 /* NSError+JKSAdditions.m in Sources */,
				042CDF62156C34F700B6E537 /* NSDictionary+JKSAdditions.m in Sources */,
				046B00FF156E727E008743D4 /* NSView+JKSAdditions.m in Sources */,
				046B0104156E7B37008743D4 /* JKSFlippedView.m in Sources */,
				04F315F51589DB090093739C /* JKSBlockUtilities.m in Sources */,
			);
			runOnlyForDeploymentPostprocessing = 0;
		};
		04FA9BA8154F3B2B00518173 /* Sources */ = {
			isa = PBXSourcesBuildPhase;
			buildActionMask = 2147483647;
			files = (
				04FA9BCB154F3B9600518173 /* JKSPathUtilities.m in Sources */,
				04FA9BCE154F3BF400518173 /* JKSPathUtilitiesTest.m in Sources */,
				04FA9BD3154F3E0400518173 /* NSArray+JKSToolkit.m in Sources */,
				04FA9BD6154F3E2000518173 /* NSArrayJKSToolkitTests.m in Sources */,
				04200B631552962D002CF16D /* NSString+JKSAdditions.m in Sources */,
				04200B6715529674002CF16D /* JKSNSStringAdditionsTests.m in Sources */,
				04200B6C1552C2CA002CF16D /* NSError+JKSAdditions.m in Sources */,
				04200B73155320D8002CF16D /* NSDictionary+JKSAdditions.m in Sources */,
				04200B76155321B8002CF16D /* JKSNSDictionaryAdditionsTests.m in Sources */,
				04200BD6155407F6002CF16D /* JKSQueue.m in Sources */,
				04200BD915540A6B002CF16D /* JKSQueueTests.m in Sources */,
			);
			runOnlyForDeploymentPostprocessing = 0;
		};
/* End PBXSourcesBuildPhase section */

/* Begin PBXVariantGroup section */
		043884B41562984100316949 /* InfoPlist.strings */ = {
			isa = PBXVariantGroup;
			children = (
				043884B51562984100316949 /* en */,
			);
			name = InfoPlist.strings;
			sourceTree = "<group>";
		};
		043884C91562984100316949 /* InfoPlist.strings */ = {
			isa = PBXVariantGroup;
			children = (
				043884CA1562984100316949 /* en */,
			);
			name = InfoPlist.strings;
			sourceTree = "<group>";
		};
		04FA9BA1154F3B2B00518173 /* InfoPlist.strings */ = {
			isa = PBXVariantGroup;
			children = (
				04FA9BA2154F3B2B00518173 /* en */,
			);
			name = InfoPlist.strings;
			sourceTree = "<group>";
		};
		04FA9BB7154F3B2B00518173 /* InfoPlist.strings */ = {
			isa = PBXVariantGroup;
			children = (
				04FA9BB8154F3B2B00518173 /* en */,
			);
			name = InfoPlist.strings;
			sourceTree = "<group>";
		};
/* End PBXVariantGroup section */

/* Begin XCBuildConfiguration section */
		043884CF1562984100316949 /* Debug */ = {
			isa = XCBuildConfiguration;
			buildSettings = {
				DYLIB_COMPATIBILITY_VERSION = 1;
				DYLIB_CURRENT_VERSION = 1;
				FRAMEWORK_VERSION = A;
				GCC_PRECOMPILE_PREFIX_HEADER = YES;
				GCC_PREFIX_HEADER = "JKSToolKit/JKSToolKit-Prefix.pch";
				INFOPLIST_FILE = "JKSToolKit/JKSToolKit-Info.plist";
				INSTALL_PATH = "@executable_path/../Frameworks";
				PRODUCT_NAME = "$(TARGET_NAME)";
				WRAPPER_EXTENSION = framework;
			};
			name = Debug;
		};
		043884D01562984100316949 /* Release */ = {
			isa = XCBuildConfiguration;
			buildSettings = {
				DYLIB_COMPATIBILITY_VERSION = 1;
				DYLIB_CURRENT_VERSION = 1;
				FRAMEWORK_VERSION = A;
				GCC_PRECOMPILE_PREFIX_HEADER = YES;
				GCC_PREFIX_HEADER = "JKSToolKit/JKSToolKit-Prefix.pch";
				INFOPLIST_FILE = "JKSToolKit/JKSToolKit-Info.plist";
				INSTALL_PATH = "@executable_path/../Frameworks";
				PRODUCT_NAME = "$(TARGET_NAME)";
				WRAPPER_EXTENSION = framework;
			};
			name = Release;
		};
		04FA9BBD154F3B2B00518173 /* Debug */ = {
			isa = XCBuildConfiguration;
			buildSettings = {
				ALWAYS_SEARCH_USER_PATHS = NO;
				ARCHS = "$(ARCHS_STANDARD_64_BIT)";
				CLANG_ENABLE_OBJC_ARC = YES;
				COPY_PHASE_STRIP = NO;
				GCC_C_LANGUAGE_STANDARD = gnu99;
				GCC_DYNAMIC_NO_PIC = NO;
				GCC_ENABLE_OBJC_EXCEPTIONS = YES;
				GCC_OPTIMIZATION_LEVEL = 0;
				GCC_PREPROCESSOR_DEFINITIONS = (
					"DEBUG=1",
					"$(inherited)",
				);
				GCC_SYMBOLS_PRIVATE_EXTERN = NO;
				GCC_VERSION = com.apple.compilers.llvm.clang.1_0;
				GCC_WARN_64_TO_32_BIT_CONVERSION = YES;
				GCC_WARN_ABOUT_RETURN_TYPE = YES;
				GCC_WARN_UNINITIALIZED_AUTOS = YES;
				GCC_WARN_UNUSED_VARIABLE = YES;
				MACOSX_DEPLOYMENT_TARGET = 10.7;
				ONLY_ACTIVE_ARCH = YES;
				SDKROOT = macosx;
			};
			name = Debug;
		};
		04FA9BBE154F3B2B00518173 /* Release */ = {
			isa = XCBuildConfiguration;
			buildSettings = {
				ALWAYS_SEARCH_USER_PATHS = NO;
				ARCHS = "$(ARCHS_STANDARD_64_BIT)";
				CLANG_ENABLE_OBJC_ARC = YES;
				COPY_PHASE_STRIP = YES;
				DEBUG_INFORMATION_FORMAT = "dwarf-with-dsym";
				GCC_C_LANGUAGE_STANDARD = gnu99;
				GCC_ENABLE_OBJC_EXCEPTIONS = YES;
				GCC_VERSION = com.apple.compilers.llvm.clang.1_0;
				GCC_WARN_64_TO_32_BIT_CONVERSION = YES;
				GCC_WARN_ABOUT_RETURN_TYPE = YES;
				GCC_WARN_UNINITIALIZED_AUTOS = YES;
				GCC_WARN_UNUSED_VARIABLE = YES;
				MACOSX_DEPLOYMENT_TARGET = 10.7;
				SDKROOT = macosx;
			};
			name = Release;
		};
		04FA9BC3154F3B2B00518173 /* Debug */ = {
			isa = XCBuildConfiguration;
			buildSettings = {
				FRAMEWORK_SEARCH_PATHS = "$(DEVELOPER_LIBRARY_DIR)/Frameworks";
				GCC_PRECOMPILE_PREFIX_HEADER = YES;
				GCC_PREFIX_HEADER = "JKSToolkit/JKSToolkit-Prefix.pch";
				INFOPLIST_FILE = "JKSToolkitTests/JKSToolkitTests-Info.plist";
				PRODUCT_NAME = "$(TARGET_NAME)";
				WRAPPER_EXTENSION = octest;
			};
			name = Debug;
		};
		04FA9BC4154F3B2B00518173 /* Release */ = {
			isa = XCBuildConfiguration;
			buildSettings = {
				FRAMEWORK_SEARCH_PATHS = "$(DEVELOPER_LIBRARY_DIR)/Frameworks";
				GCC_PRECOMPILE_PREFIX_HEADER = YES;
				GCC_PREFIX_HEADER = "JKSToolkit/JKSToolkit-Prefix.pch";
				INFOPLIST_FILE = "JKSToolkitTests/JKSToolkitTests-Info.plist";
				PRODUCT_NAME = "$(TARGET_NAME)";
				WRAPPER_EXTENSION = octest;
			};
			name = Release;
		};
/* End XCBuildConfiguration section */

/* Begin XCConfigurationList section */
		043884D31562984100316949 /* Build configuration list for PBXNativeTarget "JKSToolKit" */ = {
			isa = XCConfigurationList;
			buildConfigurations = (
				043884CF1562984100316949 /* Debug */,
				043884D01562984100316949 /* Release */,
			);
			defaultConfigurationIsVisible = 0;
			defaultConfigurationName = Release;
		};
		04FA9B8E154F3B2B00518173 /* Build configuration list for PBXProject "JKSToolkit" */ = {
			isa = XCConfigurationList;
			buildConfigurations = (
				04FA9BBD154F3B2B00518173 /* Debug */,
				04FA9BBE154F3B2B00518173 /* Release */,
			);
			defaultConfigurationIsVisible = 0;
			defaultConfigurationName = Release;
		};
		04FA9BC2154F3B2B00518173 /* Build configuration list for PBXNativeTarget "JKSToolkitTests" */ = {
			isa = XCConfigurationList;
			buildConfigurations = (
				04FA9BC3154F3B2B00518173 /* Debug */,
				04FA9BC4154F3B2B00518173 /* Release */,
			);
			defaultConfigurationIsVisible = 0;
			defaultConfigurationName = Release;
		};
/* End XCConfigurationList section */
	};
	rootObject = 04FA9B8B154F3B2B00518173 /* Project object */;
}
